// !$*UTF8*$!
{
	archiveVersion = 1;
	classes = {
	};
	objectVersion = 50;
	objects = {

/* Begin PBXBuildFile section */
		4A09A996247F05AE00E673C9 /* KeyedDecodingContainer+Extensions.swift in Sources */ = {isa = PBXBuildFile; fileRef = 4A09A995247F05AE00E673C9 /* KeyedDecodingContainer+Extensions.swift */; };
		4A09A998247F08C800E673C9 /* Decimal+Extensions.swift in Sources */ = {isa = PBXBuildFile; fileRef = 4A09A997247F08C800E673C9 /* Decimal+Extensions.swift */; };
		4A09A99A247F093F00E673C9 /* TaxInfo.swift in Sources */ = {isa = PBXBuildFile; fileRef = 4A09A999247F093F00E673C9 /* TaxInfo.swift */; };
		4A2095A2247EE87200C91D24 /* Calculator.swift in Sources */ = {isa = PBXBuildFile; fileRef = 4A2095A1247EE87200C91D24 /* Calculator.swift */; };
		4A2095A5247EE89700C91D24 /* TaxCode.swift in Sources */ = {isa = PBXBuildFile; fileRef = 4A2095A4247EE89700C91D24 /* TaxCode.swift */; };
		4A2095A7247EE8A200C91D24 /* TimeFrame.swift in Sources */ = {isa = PBXBuildFile; fileRef = 4A2095A6247EE8A200C91D24 /* TimeFrame.swift */; };
		4A2095A9247EE8A700C91D24 /* NICode.swift in Sources */ = {isa = PBXBuildFile; fileRef = 4A2095A8247EE8A700C91D24 /* NICode.swift */; };
		4A2095AB247EE8BB00C91D24 /* StudentLoanPlan.swift in Sources */ = {isa = PBXBuildFile; fileRef = 4A2095AA247EE8BB00C91D24 /* StudentLoanPlan.swift */; };
		4A2095AD247EE8C200C91D24 /* TaxBracket.swift in Sources */ = {isa = PBXBuildFile; fileRef = 4A2095AC247EE8C200C91D24 /* TaxBracket.swift */; };
		4A2095AF247EE8CF00C91D24 /* Money.swift in Sources */ = {isa = PBXBuildFile; fileRef = 4A2095AE247EE8CF00C91D24 /* Money.swift */; };
		4A2095B1247EE91400C91D24 /* CategoryType.swift in Sources */ = {isa = PBXBuildFile; fileRef = 4A2095B0247EE91400C91D24 /* CategoryType.swift */; };
		4A2095B3247EE94E00C91D24 /* TaxYear.swift in Sources */ = {isa = PBXBuildFile; fileRef = 4A2095B2247EE94E00C91D24 /* TaxYear.swift */; };
		4A2095B5247EE9A800C91D24 /* User.swift in Sources */ = {isa = PBXBuildFile; fileRef = 4A2095B4247EE9A800C91D24 /* User.swift */; };
		4A2095BD247EEAD700C91D24 /* YearRates.plist in Resources */ = {isa = PBXBuildFile; fileRef = 4A2095BB247EEAD700C91D24 /* YearRates.plist */; };
		4A2095C0247EEBAD00C91D24 /* String+Extensions.swift in Sources */ = {isa = PBXBuildFile; fileRef = 4A2095BF247EEBAD00C91D24 /* String+Extensions.swift */; };
		4A339387233F642300509E4A /* AppDelegate.swift in Sources */ = {isa = PBXBuildFile; fileRef = 4A339386233F642300509E4A /* AppDelegate.swift */; };
		4A339389233F642300509E4A /* SceneDelegate.swift in Sources */ = {isa = PBXBuildFile; fileRef = 4A339388233F642300509E4A /* SceneDelegate.swift */; };
		4A33938B233F642300509E4A /* DetailsView.swift in Sources */ = {isa = PBXBuildFile; fileRef = 4A33938A233F642300509E4A /* DetailsView.swift */; };
		4A33938D233F642500509E4A /* Assets.xcassets in Resources */ = {isa = PBXBuildFile; fileRef = 4A33938C233F642500509E4A /* Assets.xcassets */; };
		4A339390233F642500509E4A /* Preview Assets.xcassets in Resources */ = {isa = PBXBuildFile; fileRef = 4A33938F233F642500509E4A /* Preview Assets.xcassets */; };
		4A339393233F642500509E4A /* LaunchScreen.storyboard in Resources */ = {isa = PBXBuildFile; fileRef = 4A339391233F642500509E4A /* LaunchScreen.storyboard */; };
		4A33939E233F642500509E4A /* PayCalculatorTests.swift in Sources */ = {isa = PBXBuildFile; fileRef = 4A33939D233F642500509E4A /* PayCalculatorTests.swift */; };
		4A3393A9233F642500509E4A /* PayCalculatorUITests.swift in Sources */ = {isa = PBXBuildFile; fileRef = 4A3393A8233F642500509E4A /* PayCalculatorUITests.swift */; };
		4A3393B7233F64B700509E4A /* DetailsViewModel.swift in Sources */ = {isa = PBXBuildFile; fileRef = 4A3393B6233F64B700509E4A /* DetailsViewModel.swift */; };
		4A3393B9233F9AA700509E4A /* Text+Extensions.swift in Sources */ = {isa = PBXBuildFile; fileRef = 4A3393B8233F9AA700509E4A /* Text+Extensions.swift */; };
		4A3393BB233FA61200509E4A /* ResultsView.swift in Sources */ = {isa = PBXBuildFile; fileRef = 4A3393BA233FA61200509E4A /* ResultsView.swift */; };
		4A3393BF233FC0DE00509E4A /* ResultsViewModel.swift in Sources */ = {isa = PBXBuildFile; fileRef = 4A3393BD233FC05200509E4A /* ResultsViewModel.swift */; };
		4A3393C22341181C00509E4A /* SegmentedInput.swift in Sources */ = {isa = PBXBuildFile; fileRef = 4A3393C12341181C00509E4A /* SegmentedInput.swift */; };
		4A3393C42341483B00509E4A /* Assets.swift in Sources */ = {isa = PBXBuildFile; fileRef = 4A3393C32341483A00509E4A /* Assets.swift */; };
		4A3393C6234148CC00509E4A /* Asset+Extensions.swift in Sources */ = {isa = PBXBuildFile; fileRef = 4A3393C5234148CC00509E4A /* Asset+Extensions.swift */; };
/* End PBXBuildFile section */

/* Begin PBXContainerItemProxy section */
		4A33939A233F642500509E4A /* PBXContainerItemProxy */ = {
			isa = PBXContainerItemProxy;
			containerPortal = 4A33937B233F642300509E4A /* Project object */;
			proxyType = 1;
			remoteGlobalIDString = 4A339382233F642300509E4A;
			remoteInfo = PayCalculator;
		};
		4A3393A5233F642500509E4A /* PBXContainerItemProxy */ = {
			isa = PBXContainerItemProxy;
			containerPortal = 4A33937B233F642300509E4A /* Project object */;
			proxyType = 1;
			remoteGlobalIDString = 4A339382233F642300509E4A;
			remoteInfo = PayCalculator;
		};
/* End PBXContainerItemProxy section */

/* Begin PBXFileReference section */
		4A09A995247F05AE00E673C9 /* KeyedDecodingContainer+Extensions.swift */ = {isa = PBXFileReference; lastKnownFileType = sourcecode.swift; path = "KeyedDecodingContainer+Extensions.swift"; sourceTree = "<group>"; };
		4A09A997247F08C800E673C9 /* Decimal+Extensions.swift */ = {isa = PBXFileReference; lastKnownFileType = sourcecode.swift; path = "Decimal+Extensions.swift"; sourceTree = "<group>"; };
		4A09A999247F093F00E673C9 /* TaxInfo.swift */ = {isa = PBXFileReference; lastKnownFileType = sourcecode.swift; path = TaxInfo.swift; sourceTree = "<group>"; };
		4A2095A1247EE87200C91D24 /* Calculator.swift */ = {isa = PBXFileReference; lastKnownFileType = sourcecode.swift; path = Calculator.swift; sourceTree = "<group>"; };
		4A2095A4247EE89700C91D24 /* TaxCode.swift */ = {isa = PBXFileReference; lastKnownFileType = sourcecode.swift; path = TaxCode.swift; sourceTree = "<group>"; };
		4A2095A6247EE8A200C91D24 /* TimeFrame.swift */ = {isa = PBXFileReference; lastKnownFileType = sourcecode.swift; path = TimeFrame.swift; sourceTree = "<group>"; };
		4A2095A8247EE8A700C91D24 /* NICode.swift */ = {isa = PBXFileReference; lastKnownFileType = sourcecode.swift; path = NICode.swift; sourceTree = "<group>"; };
		4A2095AA247EE8BB00C91D24 /* StudentLoanPlan.swift */ = {isa = PBXFileReference; lastKnownFileType = sourcecode.swift; path = StudentLoanPlan.swift; sourceTree = "<group>"; };
		4A2095AC247EE8C200C91D24 /* TaxBracket.swift */ = {isa = PBXFileReference; lastKnownFileType = sourcecode.swift; path = TaxBracket.swift; sourceTree = "<group>"; };
		4A2095AE247EE8CF00C91D24 /* Money.swift */ = {isa = PBXFileReference; lastKnownFileType = sourcecode.swift; path = Money.swift; sourceTree = "<group>"; };
		4A2095B0247EE91400C91D24 /* CategoryType.swift */ = {isa = PBXFileReference; lastKnownFileType = sourcecode.swift; path = CategoryType.swift; sourceTree = "<group>"; };
		4A2095B2247EE94E00C91D24 /* TaxYear.swift */ = {isa = PBXFileReference; lastKnownFileType = sourcecode.swift; path = TaxYear.swift; sourceTree = "<group>"; };
		4A2095B4247EE9A800C91D24 /* User.swift */ = {isa = PBXFileReference; lastKnownFileType = sourcecode.swift; path = User.swift; sourceTree = "<group>"; };
		4A2095BB247EEAD700C91D24 /* YearRates.plist */ = {isa = PBXFileReference; fileEncoding = 4; lastKnownFileType = text.plist.xml; path = YearRates.plist; sourceTree = "<group>"; };
		4A2095BF247EEBAD00C91D24 /* String+Extensions.swift */ = {isa = PBXFileReference; lastKnownFileType = sourcecode.swift; path = "String+Extensions.swift"; sourceTree = "<group>"; };
		4A339383233F642300509E4A /* PayCalculator.app */ = {isa = PBXFileReference; explicitFileType = wrapper.application; includeInIndex = 0; path = PayCalculator.app; sourceTree = BUILT_PRODUCTS_DIR; };
		4A339386233F642300509E4A /* AppDelegate.swift */ = {isa = PBXFileReference; lastKnownFileType = sourcecode.swift; path = AppDelegate.swift; sourceTree = "<group>"; };
		4A339388233F642300509E4A /* SceneDelegate.swift */ = {isa = PBXFileReference; lastKnownFileType = sourcecode.swift; path = SceneDelegate.swift; sourceTree = "<group>"; };
		4A33938A233F642300509E4A /* DetailsView.swift */ = {isa = PBXFileReference; lastKnownFileType = sourcecode.swift; path = DetailsView.swift; sourceTree = "<group>"; };
		4A33938C233F642500509E4A /* Assets.xcassets */ = {isa = PBXFileReference; lastKnownFileType = folder.assetcatalog; path = Assets.xcassets; sourceTree = "<group>"; };
		4A33938F233F642500509E4A /* Preview Assets.xcassets */ = {isa = PBXFileReference; lastKnownFileType = folder.assetcatalog; path = "Preview Assets.xcassets"; sourceTree = "<group>"; };
		4A339392233F642500509E4A /* Base */ = {isa = PBXFileReference; lastKnownFileType = file.storyboard; name = Base; path = Base.lproj/LaunchScreen.storyboard; sourceTree = "<group>"; };
		4A339394233F642500509E4A /* Info.plist */ = {isa = PBXFileReference; lastKnownFileType = text.plist.xml; path = Info.plist; sourceTree = "<group>"; };
		4A339399233F642500509E4A /* PayCalculatorTests.xctest */ = {isa = PBXFileReference; explicitFileType = wrapper.cfbundle; includeInIndex = 0; path = PayCalculatorTests.xctest; sourceTree = BUILT_PRODUCTS_DIR; };
		4A33939D233F642500509E4A /* PayCalculatorTests.swift */ = {isa = PBXFileReference; lastKnownFileType = sourcecode.swift; path = PayCalculatorTests.swift; sourceTree = "<group>"; };
		4A33939F233F642500509E4A /* Info.plist */ = {isa = PBXFileReference; lastKnownFileType = text.plist.xml; path = Info.plist; sourceTree = "<group>"; };
		4A3393A4233F642500509E4A /* PayCalculatorUITests.xctest */ = {isa = PBXFileReference; explicitFileType = wrapper.cfbundle; includeInIndex = 0; path = PayCalculatorUITests.xctest; sourceTree = BUILT_PRODUCTS_DIR; };
		4A3393A8233F642500509E4A /* PayCalculatorUITests.swift */ = {isa = PBXFileReference; lastKnownFileType = sourcecode.swift; path = PayCalculatorUITests.swift; sourceTree = "<group>"; };
		4A3393AA233F642500509E4A /* Info.plist */ = {isa = PBXFileReference; lastKnownFileType = text.plist.xml; path = Info.plist; sourceTree = "<group>"; };
		4A3393B6233F64B700509E4A /* DetailsViewModel.swift */ = {isa = PBXFileReference; lastKnownFileType = sourcecode.swift; path = DetailsViewModel.swift; sourceTree = "<group>"; };
		4A3393B8233F9AA700509E4A /* Text+Extensions.swift */ = {isa = PBXFileReference; lastKnownFileType = sourcecode.swift; path = "Text+Extensions.swift"; sourceTree = "<group>"; };
		4A3393BA233FA61200509E4A /* ResultsView.swift */ = {isa = PBXFileReference; lastKnownFileType = sourcecode.swift; path = ResultsView.swift; sourceTree = "<group>"; };
		4A3393BD233FC05200509E4A /* ResultsViewModel.swift */ = {isa = PBXFileReference; lastKnownFileType = sourcecode.swift; path = ResultsViewModel.swift; sourceTree = "<group>"; };
		4A3393C12341181C00509E4A /* SegmentedInput.swift */ = {isa = PBXFileReference; lastKnownFileType = sourcecode.swift; path = SegmentedInput.swift; sourceTree = "<group>"; };
		4A3393C32341483A00509E4A /* Assets.swift */ = {isa = PBXFileReference; fileEncoding = 4; lastKnownFileType = sourcecode.swift; path = Assets.swift; sourceTree = "<group>"; };
		4A3393C5234148CC00509E4A /* Asset+Extensions.swift */ = {isa = PBXFileReference; lastKnownFileType = sourcecode.swift; path = "Asset+Extensions.swift"; sourceTree = "<group>"; };
/* End PBXFileReference section */

/* Begin PBXFrameworksBuildPhase section */
		4A339380233F642300509E4A /* Frameworks */ = {
			isa = PBXFrameworksBuildPhase;
			buildActionMask = 2147483647;
			files = (
			);
			runOnlyForDeploymentPostprocessing = 0;
		};
		4A339396233F642500509E4A /* Frameworks */ = {
			isa = PBXFrameworksBuildPhase;
			buildActionMask = 2147483647;
			files = (
			);
			runOnlyForDeploymentPostprocessing = 0;
		};
		4A3393A1233F642500509E4A /* Frameworks */ = {
			isa = PBXFrameworksBuildPhase;
			buildActionMask = 2147483647;
			files = (
			);
			runOnlyForDeploymentPostprocessing = 0;
		};
/* End PBXFrameworksBuildPhase section */

/* Begin PBXGroup section */
		4A2095A0247EE85D00C91D24 /* Engine */ = {
			isa = PBXGroup;
			children = (
				4A2095A1247EE87200C91D24 /* Calculator.swift */,
			);
			path = Engine;
			sourceTree = "<group>";
		};
		4A2095A3247EE88900C91D24 /* Model */ = {
			isa = PBXGroup;
			children = (
				4A2095A4247EE89700C91D24 /* TaxCode.swift */,
				4A2095A6247EE8A200C91D24 /* TimeFrame.swift */,
				4A2095A8247EE8A700C91D24 /* NICode.swift */,
				4A2095AA247EE8BB00C91D24 /* StudentLoanPlan.swift */,
				4A2095AC247EE8C200C91D24 /* TaxBracket.swift */,
				4A2095AE247EE8CF00C91D24 /* Money.swift */,
				4A2095B0247EE91400C91D24 /* CategoryType.swift */,
				4A2095B2247EE94E00C91D24 /* TaxYear.swift */,
				4A2095B4247EE9A800C91D24 /* User.swift */,
				4A09A999247F093F00E673C9 /* TaxInfo.swift */,
			);
			path = Model;
			sourceTree = "<group>";
		};
		4A2095B6247EEA1300C91D24 /* Input */ = {
			isa = PBXGroup;
			children = (
				4A3393C12341181C00509E4A /* SegmentedInput.swift */,
				4A33938A233F642300509E4A /* DetailsView.swift */,
				4A3393B6233F64B700509E4A /* DetailsViewModel.swift */,
			);
			path = Input;
			sourceTree = "<group>";
		};
		4A2095B7247EEA2B00C91D24 /* Results */ = {
			isa = PBXGroup;
			children = (
				4A3393BA233FA61200509E4A /* ResultsView.swift */,
				4A3393BD233FC05200509E4A /* ResultsViewModel.swift */,
			);
			path = Results;
			sourceTree = "<group>";
		};
		4A2095B8247EEA3900C91D24 /* Common */ = {
			isa = PBXGroup;
			children = (
				4A3393B8233F9AA700509E4A /* Text+Extensions.swift */,
				4A3393C5234148CC00509E4A /* Asset+Extensions.swift */,
				4A2095BF247EEBAD00C91D24 /* String+Extensions.swift */,
				4A09A995247F05AE00E673C9 /* KeyedDecodingContainer+Extensions.swift */,
				4A09A997247F08C800E673C9 /* Decimal+Extensions.swift */,
			);
			path = Common;
			sourceTree = "<group>";
		};
		4A2095B9247EEAA500C91D24 /* Resources */ = {
			isa = PBXGroup;
			children = (
				4A2095BA247EEAAD00C91D24 /* Data files */,
			);
			path = Resources;
			sourceTree = "<group>";
		};
		4A2095BA247EEAAD00C91D24 /* Data files */ = {
			isa = PBXGroup;
			children = (
				4A2095BB247EEAD700C91D24 /* YearRates.plist */,
			);
			path = "Data files";
			sourceTree = "<group>";
		};
		4A33937A233F642300509E4A = {
			isa = PBXGroup;
			children = (
				4A339385233F642300509E4A /* PayCalculator */,
				4A33939C233F642500509E4A /* PayCalculatorTests */,
				4A3393A7233F642500509E4A /* PayCalculatorUITests */,
				4A339384233F642300509E4A /* Products */,
			);
			sourceTree = "<group>";
		};
		4A339384233F642300509E4A /* Products */ = {
			isa = PBXGroup;
			children = (
				4A339383233F642300509E4A /* PayCalculator.app */,
				4A339399233F642500509E4A /* PayCalculatorTests.xctest */,
				4A3393A4233F642500509E4A /* PayCalculatorUITests.xctest */,
			);
			name = Products;
			sourceTree = "<group>";
		};
		4A339385233F642300509E4A /* PayCalculator */ = {
			isa = PBXGroup;
			children = (
				4A2095B9247EEAA500C91D24 /* Resources */,
				4A2095B8247EEA3900C91D24 /* Common */,
				4A2095B7247EEA2B00C91D24 /* Results */,
				4A2095B6247EEA1300C91D24 /* Input */,
				4A2095A3247EE88900C91D24 /* Model */,
				4A2095A0247EE85D00C91D24 /* Engine */,
				4A3393C32341483A00509E4A /* Assets.swift */,
				4A3393C02341180B00509E4A /* Views */,
				4A339386233F642300509E4A /* AppDelegate.swift */,
				4A33938C233F642500509E4A /* Assets.xcassets */,
				4A339394233F642500509E4A /* Info.plist */,
				4A339391233F642500509E4A /* LaunchScreen.storyboard */,
				4A33938E233F642500509E4A /* Preview Content */,
				4A339388233F642300509E4A /* SceneDelegate.swift */,
			);
			path = PayCalculator;
			sourceTree = "<group>";
		};
		4A33938E233F642500509E4A /* Preview Content */ = {
			isa = PBXGroup;
			children = (
				4A33938F233F642500509E4A /* Preview Assets.xcassets */,
			);
			path = "Preview Content";
			sourceTree = "<group>";
		};
		4A33939C233F642500509E4A /* PayCalculatorTests */ = {
			isa = PBXGroup;
			children = (
				4A33939D233F642500509E4A /* PayCalculatorTests.swift */,
				4A33939F233F642500509E4A /* Info.plist */,
			);
			path = PayCalculatorTests;
			sourceTree = "<group>";
		};
		4A3393A7233F642500509E4A /* PayCalculatorUITests */ = {
			isa = PBXGroup;
			children = (
				4A3393A8233F642500509E4A /* PayCalculatorUITests.swift */,
				4A3393AA233F642500509E4A /* Info.plist */,
			);
			path = PayCalculatorUITests;
			sourceTree = "<group>";
		};
		4A3393C02341180B00509E4A /* Views */ = {
			isa = PBXGroup;
			children = (
			);
			path = Views;
			sourceTree = "<group>";
		};
/* End PBXGroup section */

/* Begin PBXNativeTarget section */
		4A339382233F642300509E4A /* PayCalculator */ = {
			isa = PBXNativeTarget;
			buildConfigurationList = 4A3393AD233F642500509E4A /* Build configuration list for PBXNativeTarget "PayCalculator" */;
			buildPhases = (
				4A33937F233F642300509E4A /* Sources */,
				4A339380233F642300509E4A /* Frameworks */,
				4A339381233F642300509E4A /* Resources */,
				4A3393BC233FAEB900509E4A /* Swiftlint */,
			);
			buildRules = (
			);
			dependencies = (
			);
			name = PayCalculator;
			productName = PayCalculator;
			productReference = 4A339383233F642300509E4A /* PayCalculator.app */;
			productType = "com.apple.product-type.application";
		};
		4A339398233F642500509E4A /* PayCalculatorTests */ = {
			isa = PBXNativeTarget;
			buildConfigurationList = 4A3393B0233F642500509E4A /* Build configuration list for PBXNativeTarget "PayCalculatorTests" */;
			buildPhases = (
				4A339395233F642500509E4A /* Sources */,
				4A339396233F642500509E4A /* Frameworks */,
				4A339397233F642500509E4A /* Resources */,
			);
			buildRules = (
			);
			dependencies = (
				4A33939B233F642500509E4A /* PBXTargetDependency */,
			);
			name = PayCalculatorTests;
			productName = PayCalculatorTests;
			productReference = 4A339399233F642500509E4A /* PayCalculatorTests.xctest */;
			productType = "com.apple.product-type.bundle.unit-test";
		};
		4A3393A3233F642500509E4A /* PayCalculatorUITests */ = {
			isa = PBXNativeTarget;
			buildConfigurationList = 4A3393B3233F642500509E4A /* Build configuration list for PBXNativeTarget "PayCalculatorUITests" */;
			buildPhases = (
				4A3393A0233F642500509E4A /* Sources */,
				4A3393A1233F642500509E4A /* Frameworks */,
				4A3393A2233F642500509E4A /* Resources */,
			);
			buildRules = (
			);
			dependencies = (
				4A3393A6233F642500509E4A /* PBXTargetDependency */,
			);
			name = PayCalculatorUITests;
			productName = PayCalculatorUITests;
			productReference = 4A3393A4233F642500509E4A /* PayCalculatorUITests.xctest */;
			productType = "com.apple.product-type.bundle.ui-testing";
		};
/* End PBXNativeTarget section */

/* Begin PBXProject section */
		4A33937B233F642300509E4A /* Project object */ = {
			isa = PBXProject;
			attributes = {
				LastSwiftUpdateCheck = 1100;
				LastUpgradeCheck = 1100;
				ORGANIZATIONNAME = "James Beattie";
				TargetAttributes = {
					4A339382233F642300509E4A = {
						CreatedOnToolsVersion = 11.0;
					};
					4A339398233F642500509E4A = {
						CreatedOnToolsVersion = 11.0;
						TestTargetID = 4A339382233F642300509E4A;
					};
					4A3393A3233F642500509E4A = {
						CreatedOnToolsVersion = 11.0;
						TestTargetID = 4A339382233F642300509E4A;
					};
				};
			};
			buildConfigurationList = 4A33937E233F642300509E4A /* Build configuration list for PBXProject "PayCalculator" */;
			compatibilityVersion = "Xcode 9.3";
			developmentRegion = en;
			hasScannedForEncodings = 0;
			knownRegions = (
				en,
				Base,
			);
			mainGroup = 4A33937A233F642300509E4A;
			productRefGroup = 4A339384233F642300509E4A /* Products */;
			projectDirPath = "";
			projectRoot = "";
			targets = (
				4A339382233F642300509E4A /* PayCalculator */,
				4A339398233F642500509E4A /* PayCalculatorTests */,
				4A3393A3233F642500509E4A /* PayCalculatorUITests */,
			);
		};
/* End PBXProject section */

/* Begin PBXResourcesBuildPhase section */
		4A339381233F642300509E4A /* Resources */ = {
			isa = PBXResourcesBuildPhase;
			buildActionMask = 2147483647;
			files = (
				4A339393233F642500509E4A /* LaunchScreen.storyboard in Resources */,
				4A2095BD247EEAD700C91D24 /* YearRates.plist in Resources */,
				4A339390233F642500509E4A /* Preview Assets.xcassets in Resources */,
				4A33938D233F642500509E4A /* Assets.xcassets in Resources */,
			);
			runOnlyForDeploymentPostprocessing = 0;
		};
		4A339397233F642500509E4A /* Resources */ = {
			isa = PBXResourcesBuildPhase;
			buildActionMask = 2147483647;
			files = (
			);
			runOnlyForDeploymentPostprocessing = 0;
		};
		4A3393A2233F642500509E4A /* Resources */ = {
			isa = PBXResourcesBuildPhase;
			buildActionMask = 2147483647;
			files = (
			);
			runOnlyForDeploymentPostprocessing = 0;
		};
/* End PBXResourcesBuildPhase section */

/* Begin PBXShellScriptBuildPhase section */
		4A3393BC233FAEB900509E4A /* Swiftlint */ = {
			isa = PBXShellScriptBuildPhase;
			buildActionMask = 2147483647;
			files = (
			);
			inputFileListPaths = (
			);
			inputPaths = (
			);
			name = Swiftlint;
			outputFileListPaths = (
			);
			outputPaths = (
			);
			runOnlyForDeploymentPostprocessing = 0;
			shellPath = /bin/sh;
			shellScript = "if which swiftlint >/dev/null; then\n  swiftlint\nelse\n  echo \"warning: SwiftLint not installed, download from https://github.com/realm/SwiftLint\"\nfi\n";
		};
/* End PBXShellScriptBuildPhase section */

/* Begin PBXSourcesBuildPhase section */
		4A33937F233F642300509E4A /* Sources */ = {
			isa = PBXSourcesBuildPhase;
			buildActionMask = 2147483647;
			files = (
				4A3393C6234148CC00509E4A /* Asset+Extensions.swift in Sources */,
				4A2095C0247EEBAD00C91D24 /* String+Extensions.swift in Sources */,
				4A2095A9247EE8A700C91D24 /* NICode.swift in Sources */,
				4A339387233F642300509E4A /* AppDelegate.swift in Sources */,
				4A2095A7247EE8A200C91D24 /* TimeFrame.swift in Sources */,
				4A3393BF233FC0DE00509E4A /* ResultsViewModel.swift in Sources */,
				4A2095AB247EE8BB00C91D24 /* StudentLoanPlan.swift in Sources */,
				4A2095A2247EE87200C91D24 /* Calculator.swift in Sources */,
				4A2095AF247EE8CF00C91D24 /* Money.swift in Sources */,
				4A2095B5247EE9A800C91D24 /* User.swift in Sources */,
				4A3393BB233FA61200509E4A /* ResultsView.swift in Sources */,
				4A2095AD247EE8C200C91D24 /* TaxBracket.swift in Sources */,
				4A3393C22341181C00509E4A /* SegmentedInput.swift in Sources */,
				4A09A998247F08C800E673C9 /* Decimal+Extensions.swift in Sources */,
				4A2095B3247EE94E00C91D24 /* TaxYear.swift in Sources */,
				4A339389233F642300509E4A /* SceneDelegate.swift in Sources */,
				4A33938B233F642300509E4A /* DetailsView.swift in Sources */,
				4A09A99A247F093F00E673C9 /* TaxInfo.swift in Sources */,
				4A2095A5247EE89700C91D24 /* TaxCode.swift in Sources */,
				4A09A996247F05AE00E673C9 /* KeyedDecodingContainer+Extensions.swift in Sources */,
				4A3393B7233F64B700509E4A /* DetailsViewModel.swift in Sources */,
				4A3393B9233F9AA700509E4A /* Text+Extensions.swift in Sources */,
				4A3393C42341483B00509E4A /* Assets.swift in Sources */,
				4A2095B1247EE91400C91D24 /* CategoryType.swift in Sources */,
			);
			runOnlyForDeploymentPostprocessing = 0;
		};
		4A339395233F642500509E4A /* Sources */ = {
			isa = PBXSourcesBuildPhase;
			buildActionMask = 2147483647;
			files = (
				4A33939E233F642500509E4A /* PayCalculatorTests.swift in Sources */,
			);
			runOnlyForDeploymentPostprocessing = 0;
		};
		4A3393A0233F642500509E4A /* Sources */ = {
			isa = PBXSourcesBuildPhase;
			buildActionMask = 2147483647;
			files = (
				4A3393A9233F642500509E4A /* PayCalculatorUITests.swift in Sources */,
			);
			runOnlyForDeploymentPostprocessing = 0;
		};
/* End PBXSourcesBuildPhase section */

/* Begin PBXTargetDependency section */
		4A33939B233F642500509E4A /* PBXTargetDependency */ = {
			isa = PBXTargetDependency;
			target = 4A339382233F642300509E4A /* PayCalculator */;
			targetProxy = 4A33939A233F642500509E4A /* PBXContainerItemProxy */;
		};
		4A3393A6233F642500509E4A /* PBXTargetDependency */ = {
			isa = PBXTargetDependency;
			target = 4A339382233F642300509E4A /* PayCalculator */;
			targetProxy = 4A3393A5233F642500509E4A /* PBXContainerItemProxy */;
		};
/* End PBXTargetDependency section */

/* Begin PBXVariantGroup section */
		4A339391233F642500509E4A /* LaunchScreen.storyboard */ = {
			isa = PBXVariantGroup;
			children = (
				4A339392233F642500509E4A /* Base */,
			);
			name = LaunchScreen.storyboard;
			sourceTree = "<group>";
		};
/* End PBXVariantGroup section */

/* Begin XCBuildConfiguration section */
		4A3393AB233F642500509E4A /* Debug */ = {
			isa = XCBuildConfiguration;
			buildSettings = {
				ALWAYS_SEARCH_USER_PATHS = NO;
				CLANG_ANALYZER_NONNULL = YES;
				CLANG_ANALYZER_NUMBER_OBJECT_CONVERSION = YES_AGGRESSIVE;
				CLANG_CXX_LANGUAGE_STANDARD = "gnu++14";
				CLANG_CXX_LIBRARY = "libc++";
				CLANG_ENABLE_MODULES = YES;
				CLANG_ENABLE_OBJC_ARC = YES;
				CLANG_ENABLE_OBJC_WEAK = YES;
				CLANG_WARN_BLOCK_CAPTURE_AUTORELEASING = YES;
				CLANG_WARN_BOOL_CONVERSION = YES;
				CLANG_WARN_COMMA = YES;
				CLANG_WARN_CONSTANT_CONVERSION = YES;
				CLANG_WARN_DEPRECATED_OBJC_IMPLEMENTATIONS = YES;
				CLANG_WARN_DIRECT_OBJC_ISA_USAGE = YES_ERROR;
				CLANG_WARN_DOCUMENTATION_COMMENTS = YES;
				CLANG_WARN_EMPTY_BODY = YES;
				CLANG_WARN_ENUM_CONVERSION = YES;
				CLANG_WARN_INFINITE_RECURSION = YES;
				CLANG_WARN_INT_CONVERSION = YES;
				CLANG_WARN_NON_LITERAL_NULL_CONVERSION = YES;
				CLANG_WARN_OBJC_IMPLICIT_RETAIN_SELF = YES;
				CLANG_WARN_OBJC_LITERAL_CONVERSION = YES;
				CLANG_WARN_OBJC_ROOT_CLASS = YES_ERROR;
				CLANG_WARN_RANGE_LOOP_ANALYSIS = YES;
				CLANG_WARN_STRICT_PROTOTYPES = YES;
				CLANG_WARN_SUSPICIOUS_MOVE = YES;
				CLANG_WARN_UNGUARDED_AVAILABILITY = YES_AGGRESSIVE;
				CLANG_WARN_UNREACHABLE_CODE = YES;
				CLANG_WARN__DUPLICATE_METHOD_MATCH = YES;
				COPY_PHASE_STRIP = NO;
				DEBUG_INFORMATION_FORMAT = dwarf;
				ENABLE_STRICT_OBJC_MSGSEND = YES;
				ENABLE_TESTABILITY = YES;
				GCC_C_LANGUAGE_STANDARD = gnu11;
				GCC_DYNAMIC_NO_PIC = NO;
				GCC_NO_COMMON_BLOCKS = YES;
				GCC_OPTIMIZATION_LEVEL = 0;
				GCC_PREPROCESSOR_DEFINITIONS = (
					"DEBUG=1",
					"$(inherited)",
				);
				GCC_WARN_64_TO_32_BIT_CONVERSION = YES;
				GCC_WARN_ABOUT_RETURN_TYPE = YES_ERROR;
				GCC_WARN_UNDECLARED_SELECTOR = YES;
				GCC_WARN_UNINITIALIZED_AUTOS = YES_AGGRESSIVE;
				GCC_WARN_UNUSED_FUNCTION = YES;
				GCC_WARN_UNUSED_VARIABLE = YES;
				IPHONEOS_DEPLOYMENT_TARGET = 13.0;
				MTL_ENABLE_DEBUG_INFO = INCLUDE_SOURCE;
				MTL_FAST_MATH = YES;
				ONLY_ACTIVE_ARCH = YES;
				SDKROOT = iphoneos;
				SWIFT_ACTIVE_COMPILATION_CONDITIONS = DEBUG;
				SWIFT_OPTIMIZATION_LEVEL = "-Onone";
			};
			name = Debug;
		};
		4A3393AC233F642500509E4A /* Release */ = {
			isa = XCBuildConfiguration;
			buildSettings = {
				ALWAYS_SEARCH_USER_PATHS = NO;
				CLANG_ANALYZER_NONNULL = YES;
				CLANG_ANALYZER_NUMBER_OBJECT_CONVERSION = YES_AGGRESSIVE;
				CLANG_CXX_LANGUAGE_STANDARD = "gnu++14";
				CLANG_CXX_LIBRARY = "libc++";
				CLANG_ENABLE_MODULES = YES;
				CLANG_ENABLE_OBJC_ARC = YES;
				CLANG_ENABLE_OBJC_WEAK = YES;
				CLANG_WARN_BLOCK_CAPTURE_AUTORELEASING = YES;
				CLANG_WARN_BOOL_CONVERSION = YES;
				CLANG_WARN_COMMA = YES;
				CLANG_WARN_CONSTANT_CONVERSION = YES;
				CLANG_WARN_DEPRECATED_OBJC_IMPLEMENTATIONS = YES;
				CLANG_WARN_DIRECT_OBJC_ISA_USAGE = YES_ERROR;
				CLANG_WARN_DOCUMENTATION_COMMENTS = YES;
				CLANG_WARN_EMPTY_BODY = YES;
				CLANG_WARN_ENUM_CONVERSION = YES;
				CLANG_WARN_INFINITE_RECURSION = YES;
				CLANG_WARN_INT_CONVERSION = YES;
				CLANG_WARN_NON_LITERAL_NULL_CONVERSION = YES;
				CLANG_WARN_OBJC_IMPLICIT_RETAIN_SELF = YES;
				CLANG_WARN_OBJC_LITERAL_CONVERSION = YES;
				CLANG_WARN_OBJC_ROOT_CLASS = YES_ERROR;
				CLANG_WARN_RANGE_LOOP_ANALYSIS = YES;
				CLANG_WARN_STRICT_PROTOTYPES = YES;
				CLANG_WARN_SUSPICIOUS_MOVE = YES;
				CLANG_WARN_UNGUARDED_AVAILABILITY = YES_AGGRESSIVE;
				CLANG_WARN_UNREACHABLE_CODE = YES;
				CLANG_WARN__DUPLICATE_METHOD_MATCH = YES;
				COPY_PHASE_STRIP = NO;
				DEBUG_INFORMATION_FORMAT = "dwarf-with-dsym";
				ENABLE_NS_ASSERTIONS = NO;
				ENABLE_STRICT_OBJC_MSGSEND = YES;
				GCC_C_LANGUAGE_STANDARD = gnu11;
				GCC_NO_COMMON_BLOCKS = YES;
				GCC_WARN_64_TO_32_BIT_CONVERSION = YES;
				GCC_WARN_ABOUT_RETURN_TYPE = YES_ERROR;
				GCC_WARN_UNDECLARED_SELECTOR = YES;
				GCC_WARN_UNINITIALIZED_AUTOS = YES_AGGRESSIVE;
				GCC_WARN_UNUSED_FUNCTION = YES;
				GCC_WARN_UNUSED_VARIABLE = YES;
				IPHONEOS_DEPLOYMENT_TARGET = 13.0;
				MTL_ENABLE_DEBUG_INFO = NO;
				MTL_FAST_MATH = YES;
				SDKROOT = iphoneos;
				SWIFT_COMPILATION_MODE = wholemodule;
				SWIFT_OPTIMIZATION_LEVEL = "-O";
				VALIDATE_PRODUCT = YES;
			};
			name = Release;
		};
		4A3393AE233F642500509E4A /* Debug */ = {
			isa = XCBuildConfiguration;
			buildSettings = {
				ASSETCATALOG_COMPILER_APPICON_NAME = AppIcon;
				CODE_SIGN_STYLE = Automatic;
				DEVELOPMENT_ASSET_PATHS = "\"PayCalculator/Preview Content\"";
				ENABLE_PREVIEWS = YES;
				INFOPLIST_FILE = PayCalculator/Info.plist;
				LD_RUNPATH_SEARCH_PATHS = (
					"$(inherited)",
					"@executable_path/Frameworks",
				);
				PRODUCT_BUNDLE_IDENTIFIER = com.beattie.PayCalculator;
				PRODUCT_NAME = "$(TARGET_NAME)";
				SWIFT_VERSION = 5.0;
				TARGETED_DEVICE_FAMILY = "1,2";
			};
			name = Debug;
		};
		4A3393AF233F642500509E4A /* Release */ = {
			isa = XCBuildConfiguration;
			buildSettings = {
				ASSETCATALOG_COMPILER_APPICON_NAME = AppIcon;
				CODE_SIGN_STYLE = Automatic;
				DEVELOPMENT_ASSET_PATHS = "\"PayCalculator/Preview Content\"";
				ENABLE_PREVIEWS = YES;
				INFOPLIST_FILE = PayCalculator/Info.plist;
				LD_RUNPATH_SEARCH_PATHS = (
					"$(inherited)",
					"@executable_path/Frameworks",
				);
				PRODUCT_BUNDLE_IDENTIFIER = com.beattie.PayCalculator;
				PRODUCT_NAME = "$(TARGET_NAME)";
				SWIFT_VERSION = 5.0;
				TARGETED_DEVICE_FAMILY = "1,2";
			};
			name = Release;
		};
		4A3393B1233F642500509E4A /* Debug */ = {
			isa = XCBuildConfiguration;
			buildSettings = {
				ALWAYS_EMBED_SWIFT_STANDARD_LIBRARIES = YES;
				BUNDLE_LOADER = "$(TEST_HOST)";
				CODE_SIGN_STYLE = Automatic;
				INFOPLIST_FILE = PayCalculatorTests/Info.plist;
				IPHONEOS_DEPLOYMENT_TARGET = 13.0;
				LD_RUNPATH_SEARCH_PATHS = (
					"$(inherited)",
					"@executable_path/Frameworks",
					"@loader_path/Frameworks",
				);
				PRODUCT_BUNDLE_IDENTIFIER = com.beattie.PayCalculatorTests;
				PRODUCT_NAME = "$(TARGET_NAME)";
				SWIFT_VERSION = 5.0;
				TARGETED_DEVICE_FAMILY = "1,2";
				TEST_HOST = "$(BUILT_PRODUCTS_DIR)/PayCalculator.app/PayCalculator";
			};
			name = Debug;
		};
		4A3393B2233F642500509E4A /* Release */ = {
			isa = XCBuildConfiguration;
			buildSettings = {
				ALWAYS_EMBED_SWIFT_STANDARD_LIBRARIES = YES;
				BUNDLE_LOADER = "$(TEST_HOST)";
				CODE_SIGN_STYLE = Automatic;
				INFOPLIST_FILE = PayCalculatorTests/Info.plist;
				IPHONEOS_DEPLOYMENT_TARGET = 13.0;
				LD_RUNPATH_SEARCH_PATHS = (
					"$(inherited)",
					"@executable_path/Frameworks",
					"@loader_path/Frameworks",
				);
				PRODUCT_BUNDLE_IDENTIFIER = com.beattie.PayCalculatorTests;
				PRODUCT_NAME = "$(TARGET_NAME)";
				SWIFT_VERSION = 5.0;
				TARGETED_DEVICE_FAMILY = "1,2";
				TEST_HOST = "$(BUILT_PRODUCTS_DIR)/PayCalculator.app/PayCalculator";
			};
			name = Release;
		};
		4A3393B4233F642500509E4A /* Debug */ = {
			isa = XCBuildConfiguration;
			buildSettings = {
				ALWAYS_EMBED_SWIFT_STANDARD_LIBRARIES = YES;
				CODE_SIGN_STYLE = Automatic;
				INFOPLIST_FILE = PayCalculatorUITests/Info.plist;
				LD_RUNPATH_SEARCH_PATHS = (
					"$(inherited)",
					"@executable_path/Frameworks",
					"@loader_path/Frameworks",
				);
				PRODUCT_BUNDLE_IDENTIFIER = com.beattie.PayCalculatorUITests;
				PRODUCT_NAME = "$(TARGET_NAME)";
				SWIFT_VERSION = 5.0;
				TARGETED_DEVICE_FAMILY = "1,2";
				TEST_TARGET_NAME = PayCalculator;
			};
			name = Debug;
		};
		4A3393B5233F642500509E4A /* Release */ = {
			isa = XCBuildConfiguration;
			buildSettings = {
				ALWAYS_EMBED_SWIFT_STANDARD_LIBRARIES = YES;
				CODE_SIGN_STYLE = Automatic;
				INFOPLIST_FILE = PayCalculatorUITests/Info.plist;
				LD_RUNPATH_SEARCH_PATHS = (
					"$(inherited)",
					"@executable_path/Frameworks",
					"@loader_path/Frameworks",
				);
				PRODUCT_BUNDLE_IDENTIFIER = com.beattie.PayCalculatorUITests;
				PRODUCT_NAME = "$(TARGET_NAME)";
				SWIFT_VERSION = 5.0;
				TARGETED_DEVICE_FAMILY = "1,2";
				TEST_TARGET_NAME = PayCalculator;
			};
			name = Release;
		};
/* End XCBuildConfiguration section */

/* Begin XCConfigurationList section */
		4A33937E233F642300509E4A /* Build configuration list for PBXProject "PayCalculator" */ = {
			isa = XCConfigurationList;
			buildConfigurations = (
				4A3393AB233F642500509E4A /* Debug */,
				4A3393AC233F642500509E4A /* Release */,
			);
			defaultConfigurationIsVisible = 0;
			defaultConfigurationName = Release;
		};
		4A3393AD233F642500509E4A /* Build configuration list for PBXNativeTarget "PayCalculator" */ = {
			isa = XCConfigurationList;
			buildConfigurations = (
				4A3393AE233F642500509E4A /* Debug */,
				4A3393AF233F642500509E4A /* Release */,
			);
			defaultConfigurationIsVisible = 0;
			defaultConfigurationName = Release;
		};
		4A3393B0233F642500509E4A /* Build configuration list for PBXNativeTarget "PayCalculatorTests" */ = {
			isa = XCConfigurationList;
			buildConfigurations = (
				4A3393B1233F642500509E4A /* Debug */,
				4A3393B2233F642500509E4A /* Release */,
			);
			defaultConfigurationIsVisible = 0;
			defaultConfigurationName = Release;
		};
		4A3393B3233F642500509E4A /* Build configuration list for PBXNativeTarget "PayCalculatorUITests" */ = {
			isa = XCConfigurationList;
			buildConfigurations = (
				4A3393B4233F642500509E4A /* Debug */,
				4A3393B5233F642500509E4A /* Release */,
			);
			defaultConfigurationIsVisible = 0;
			defaultConfigurationName = Release;
		};
/* End XCConfigurationList section */
	};
	rootObject = 4A33937B233F642300509E4A /* Project object */;
}
